
Microsoft Visual Studio Solution File, Format Version 12.00
# Visual Studio Version 17
VisualStudioVersion = 17.8.34112.27
MinimumVisualStudioVersion = 10.0.40219.1
Project("{8BC9CEB8-8B4A-11D0-8D11-00A0C91BC942}") = "func_isLeap", "func_isLeap\func_isLeap.vcxproj", "{4554AE23-8D37-40C0-8433-CDA0825EF15A}"
EndProject
Global
	GlobalSection(SolutionConfigurationPlatforms) = preSolution
		Debug|x64 = Debug|x64
		Debug|x86 = Debug|x86
		Release|x64 = Release|x64
		Release|x86 = Release|x86
	EndGlobalSection
	GlobalSection(ProjectConfigurationPlatforms) = postSolution
		{4554AE23-8D37-40C0-8433-CDA0825EF15A}.Debug|x64.ActiveCfg = Debug|x64
		{4554AE23-8D37-40C0-8433-CDA0825EF15A}.Debug|x64.Build.0 = Debug|x64
		{4554AE23-8D37-40C0-8433-CDA0825EF15A}.Debug|x86.ActiveCfg = Debug|Win32
		{4554AE23-8D37-40C0-8433-CDA0825EF15A}.Debug|x86.Build.0 = Debug|Win32
		{4554AE23-8D37-40C0-8433-CDA0825EF15A}.Release|x64.ActiveCfg = Release|x64
		{4554AE23-8D37-40C0-8433-CDA0825EF15A}.Release|x64.Build.0 = Release|x64
		{4554AE23-8D37-40C0-8433-CDA0825EF15A}.Release|x86.ActiveCfg = Release|Win32
		{4554AE23-8D37-40C0-8433-CDA0825EF15A}.Release|x86.Build.0 = Release|Win32
	EndGlobalSection
	GlobalSection(SolutionProperties) = preSolution
		HideSolutionNode = FALSE
	EndGlobalSection
	GlobalSection(ExtensibilityGlobals) = postSolution
		SolutionGuid = {9A124E47-2DB3-4F74-8337-B33E08FB4EE2}
	EndGlobalSection
EndGlobal
