
Microsoft Visual Studio Solution File, Format Version 12.00
# Visual Studio Version 17
VisualStudioVersion = 17.8.34112.27
MinimumVisualStudioVersion = 10.0.40219.1
Project("{8BC9CEB8-8B4A-11D0-8D11-00A0C91BC942}") = "星号空心方块", "星号空心方块\星号空心方块.vcxproj", "{533338F6-D369-456F-B278-F3224652C22E}"
EndProject
Global
	GlobalSection(SolutionConfigurationPlatforms) = preSolution
		Debug|x64 = Debug|x64
		Debug|x86 = Debug|x86
		Release|x64 = Release|x64
		Release|x86 = Release|x86
	EndGlobalSection
	GlobalSection(ProjectConfigurationPlatforms) = postSolution
		{533338F6-D369-456F-B278-F3224652C22E}.Debug|x64.ActiveCfg = Debug|x64
		{533338F6-D369-456F-B278-F3224652C22E}.Debug|x64.Build.0 = Debug|x64
		{533338F6-D369-456F-B278-F3224652C22E}.Debug|x86.ActiveCfg = Debug|Win32
		{533338F6-D369-456F-B278-F3224652C22E}.Debug|x86.Build.0 = Debug|Win32
		{533338F6-D369-456F-B278-F3224652C22E}.Release|x64.ActiveCfg = Release|x64
		{533338F6-D369-456F-B278-F3224652C22E}.Release|x64.Build.0 = Release|x64
		{533338F6-D369-456F-B278-F3224652C22E}.Release|x86.ActiveCfg = Release|Win32
		{533338F6-D369-456F-B278-F3224652C22E}.Release|x86.Build.0 = Release|Win32
	EndGlobalSection
	GlobalSection(SolutionProperties) = preSolution
		HideSolutionNode = FALSE
	EndGlobalSection
	GlobalSection(ExtensibilityGlobals) = postSolution
		SolutionGuid = {83A7FCC2-24F2-4E9F-A21E-B81C2E37E3EC}
	EndGlobalSection
EndGlobal
