
Microsoft Visual Studio Solution File, Format Version 12.00
# Visual Studio Version 17
VisualStudioVersion = 17.8.34112.27
MinimumVisualStudioVersion = 10.0.40219.1
Project("{8BC9CEB8-8B4A-11D0-8D11-00A0C91BC942}") = "-1arr", "-1arr\-1arr.vcxproj", "{50631A6C-4CE3-467E-9503-C7729BEBA09F}"
EndProject
Global
	GlobalSection(SolutionConfigurationPlatforms) = preSolution
		Debug|x64 = Debug|x64
		Debug|x86 = Debug|x86
		Release|x64 = Release|x64
		Release|x86 = Release|x86
	EndGlobalSection
	GlobalSection(ProjectConfigurationPlatforms) = postSolution
		{50631A6C-4CE3-467E-9503-C7729BEBA09F}.Debug|x64.ActiveCfg = Debug|x64
		{50631A6C-4CE3-467E-9503-C7729BEBA09F}.Debug|x64.Build.0 = Debug|x64
		{50631A6C-4CE3-467E-9503-C7729BEBA09F}.Debug|x86.ActiveCfg = Debug|Win32
		{50631A6C-4CE3-467E-9503-C7729BEBA09F}.Debug|x86.Build.0 = Debug|Win32
		{50631A6C-4CE3-467E-9503-C7729BEBA09F}.Release|x64.ActiveCfg = Release|x64
		{50631A6C-4CE3-467E-9503-C7729BEBA09F}.Release|x64.Build.0 = Release|x64
		{50631A6C-4CE3-467E-9503-C7729BEBA09F}.Release|x86.ActiveCfg = Release|Win32
		{50631A6C-4CE3-467E-9503-C7729BEBA09F}.Release|x86.Build.0 = Release|Win32
	EndGlobalSection
	GlobalSection(SolutionProperties) = preSolution
		HideSolutionNode = FALSE
	EndGlobalSection
	GlobalSection(ExtensibilityGlobals) = postSolution
		SolutionGuid = {38C86F18-6673-4BDC-B59D-EB99E16340FA}
	EndGlobalSection
EndGlobal
